
Microsoft Visual Studio Solution File, Format Version 12.00
# Visual Studio Version 17
VisualStudioVersion = 17.5.002.0
MinimumVisualStudioVersion = 10.0.40219.1
Project("{9A19103F-16F7-4668-BE54-9A1E7A4F7556}") = "wasm", "wasm.csproj", "{EBC9E730-D294-4991-A584-32B4D1FBBEF5}"
EndProject
Global
	GlobalSection(SolutionConfigurationPlatforms) = preSolution
		Debug|Any CPU = Debug|Any CPU
		Release|Any CPU = Release|Any CPU
	EndGlobalSection
	GlobalSection(ProjectConfigurationPlatforms) = postSolution
		{EBC9E730-D294-4991-A584-32B4D1FBBEF5}.Debug|Any CPU.ActiveCfg = Debug|Any CPU
		{EBC9E730-D294-4991-A584-32B4D1FBBEF5}.Debug|Any CPU.Build.0 = Debug|Any CPU
		{EBC9E730-D294-4991-A584-32B4D1FBBEF5}.Release|Any CPU.ActiveCfg = Release|Any CPU
		{EBC9E730-D294-4991-A584-32B4D1FBBEF5}.Release|Any CPU.Build.0 = Release|Any CPU
	EndGlobalSection
	GlobalSection(SolutionProperties) = preSolution
		HideSolutionNode = FALSE
	EndGlobalSection
	GlobalSection(ExtensibilityGlobals) = postSolution
		SolutionGuid = {CF61FB52-0DAE-4197-97EB-60578AA4F3D7}
	EndGlobalSection
EndGlobal
